
Microsoft Visual Studio Solution File, Format Version 12.00
# Visual Studio Version 17
VisualStudioVersion = 17.10.35013.160
MinimumVisualStudioVersion = 10.0.40219.1
Project("{FAE04EC0-301F-11D3-BF4B-00C04F79EFBC}") = "ComoUsarStrings", "ComoUsarStrings.csproj", "{0294E4E9-A9F9-4DF0-AF28-4245F8D69E17}"
EndProject
Project("{FAE04EC0-301F-11D3-BF4B-00C04F79EFBC}") = "CompilacaoCondicional", "..\CompilacaoCondicional\CompilacaoCondicional.csproj", "{65100320-EBC7-4027-A679-BFFB04860945}"
EndProject
Global
	GlobalSection(SolutionConfigurationPlatforms) = preSolution
		Debug|Any CPU = Debug|Any CPU
		Release|Any CPU = Release|Any CPU
	EndGlobalSection
	GlobalSection(ProjectConfigurationPlatforms) = postSolution
		{0294E4E9-A9F9-4DF0-AF28-4245F8D69E17}.Debug|Any CPU.ActiveCfg = Debug|Any CPU
		{0294E4E9-A9F9-4DF0-AF28-4245F8D69E17}.Debug|Any CPU.Build.0 = Debug|Any CPU
		{0294E4E9-A9F9-4DF0-AF28-4245F8D69E17}.Release|Any CPU.ActiveCfg = Release|Any CPU
		{0294E4E9-A9F9-4DF0-AF28-4245F8D69E17}.Release|Any CPU.Build.0 = Release|Any CPU
		{65100320-EBC7-4027-A679-BFFB04860945}.Debug|Any CPU.ActiveCfg = Debug|Any CPU
		{65100320-EBC7-4027-A679-BFFB04860945}.Debug|Any CPU.Build.0 = Debug|Any CPU
		{65100320-EBC7-4027-A679-BFFB04860945}.Release|Any CPU.ActiveCfg = Release|Any CPU
		{65100320-EBC7-4027-A679-BFFB04860945}.Release|Any CPU.Build.0 = Release|Any CPU
	EndGlobalSection
	GlobalSection(SolutionProperties) = preSolution
		HideSolutionNode = FALSE
	EndGlobalSection
	GlobalSection(ExtensibilityGlobals) = postSolution
		SolutionGuid = {455B162A-BB41-4D16-846C-3828AC6F0DF1}
	EndGlobalSection
EndGlobal
